
Microsoft Visual Studio Solution File, Format Version 12.00
# Visual Studio Version 17
VisualStudioVersion = 17.0.31903.59
MinimumVisualStudioVersion = 10.0.40219.1
Project("{FAE04EC0-301F-11D3-BF4B-00C04F79EFBC}") = "SwOrchestrator.Core", "SwOrchestrator.Core\SwOrchestrator.Core.csproj", "{C0DE0001-AAAA-4000-A000-000000000001}"
EndProject
Project("{FAE04EC0-301F-11D3-BF4B-00C04F79EFBC}") = "SwOrchestrator.Gui", "SwOrchestrator.Gui\SwOrchestrator.Gui.csproj", "{C0DE0002-AAAA-4000-A000-000000000002}"
EndProject
Project("{FAE04EC0-301F-11D3-BF4B-00C04F79EFBC}") = "SwOrchestrator.Cli", "SwOrchestrator.Cli\SwOrchestrator.Cli.csproj", "{C0DE0003-AAAA-4000-A000-000000000003}"
EndProject
Global
	GlobalSection(SolutionConfigurationPlatforms) = preSolution
		Debug|Any CPU = Debug|Any CPU
		Release|Any CPU = Release|Any CPU
	EndGlobalSection
	GlobalSection(ProjectConfigurationPlatforms) = postSolution
		{C0DE0001-AAAA-4000-A000-000000000001}.Debug|Any CPU.ActiveCfg = Debug|Any CPU
		{C0DE0001-AAAA-4000-A000-000000000001}.Debug|Any CPU.Build.0 = Debug|Any CPU
		{C0DE0001-AAAA-4000-A000-000000000001}.Release|Any CPU.ActiveCfg = Release|Any CPU
		{C0DE0001-AAAA-4000-A000-000000000001}.Release|Any CPU.Build.0 = Release|Any CPU
		{C0DE0002-AAAA-4000-A000-000000000002}.Debug|Any CPU.ActiveCfg = Debug|Any CPU
		{C0DE0002-AAAA-4000-A000-000000000002}.Debug|Any CPU.Build.0 = Debug|Any CPU
		{C0DE0002-AAAA-4000-A000-000000000002}.Release|Any CPU.ActiveCfg = Release|Any CPU
		{C0DE0002-AAAA-4000-A000-000000000002}.Release|Any CPU.Build.0 = Release|Any CPU
		{C0DE0003-AAAA-4000-A000-000000000003}.Debug|Any CPU.ActiveCfg = Debug|Any CPU
		{C0DE0003-AAAA-4000-A000-000000000003}.Debug|Any CPU.Build.0 = Debug|Any CPU
		{C0DE0003-AAAA-4000-A000-000000000003}.Release|Any CPU.ActiveCfg = Release|Any CPU
		{C0DE0003-AAAA-4000-A000-000000000003}.Release|Any CPU.Build.0 = Release|Any CPU
	EndGlobalSection
	GlobalSection(SolutionProperties) = preSolution
		HideSolutionNode = FALSE
	EndGlobalSection
	GlobalSection(ExtensibilityGlobals) = postSolution
		SolutionGuid = {F1E2D3C4-B5A6-4978-8765-0123456789AB}
	EndGlobalSection
EndGlobal
